// !$*UTF8*$!
{
	archiveVersion = 1;
	classes = {
	};
	objectVersion = 50;
	objects = {

/* Begin PBXBuildFile section */
		01214ECF2230E1E30026AD36 /* AppDelegate.swift in Sources */ = {isa = PBXBuildFile; fileRef = 01214ECE2230E1E30026AD36 /* AppDelegate.swift */; };
		01214ED12230E1E30026AD36 /* ViewController.swift in Sources */ = {isa = PBXBuildFile; fileRef = 01214ED02230E1E30026AD36 /* ViewController.swift */; };
		01214ED42230E1E30026AD36 /* Main.storyboard in Resources */ = {isa = PBXBuildFile; fileRef = 01214ED22230E1E30026AD36 /* Main.storyboard */; };
		01214ED62230E1E70026AD36 /* Assets.xcassets in Resources */ = {isa = PBXBuildFile; fileRef = 01214ED52230E1E70026AD36 /* Assets.xcassets */; };
		01214ED92230E1E70026AD36 /* LaunchScreen.storyboard in Resources */ = {isa = PBXBuildFile; fileRef = 01214ED72230E1E70026AD36 /* LaunchScreen.storyboard */; };
		01214EE42230E1E70026AD36 /* SampleTests.swift in Sources */ = {isa = PBXBuildFile; fileRef = 01214EE32230E1E70026AD36 /* SampleTests.swift */; };
		01214EEF2230E1E70026AD36 /* SampleUITests.swift in Sources */ = {isa = PBXBuildFile; fileRef = 01214EEE2230E1E70026AD36 /* SampleUITests.swift */; };
/* End PBXBuildFile section */

/* Begin PBXContainerItemProxy section */
		01214EE02230E1E70026AD36 /* PBXContainerItemProxy */ = {
			isa = PBXContainerItemProxy;
			containerPortal = 01214EC32230E1E30026AD36 /* Project object */;
			proxyType = 1;
			remoteGlobalIDString = 01214ECA2230E1E30026AD36;
			remoteInfo = Sample;
		};
		01214EEB2230E1E70026AD36 /* PBXContainerItemProxy */ = {
			isa = PBXContainerItemProxy;
			containerPortal = 01214EC32230E1E30026AD36 /* Project object */;
			proxyType = 1;
			remoteGlobalIDString = 01214ECA2230E1E30026AD36;
			remoteInfo = Sample;
		};
/* End PBXContainerItemProxy section */

/* Begin PBXFileReference section */
		01214ECB2230E1E30026AD36 /* Sample.app */ = {isa = PBXFileReference; explicitFileType = wrapper.application; includeInIndex = 0; path = Sample.app; sourceTree = BUILT_PRODUCTS_DIR; };
		01214ECE2230E1E30026AD36 /* AppDelegate.swift */ = {isa = PBXFileReference; lastKnownFileType = sourcecode.swift; path = AppDelegate.swift; sourceTree = "<group>"; };
		01214ED02230E1E30026AD36 /* ViewController.swift */ = {isa = PBXFileReference; lastKnownFileType = sourcecode.swift; path = ViewController.swift; sourceTree = "<group>"; };
		01214ED32230E1E30026AD36 /* Base */ = {isa = PBXFileReference; lastKnownFileType = file.storyboard; name = Base; path = Base.lproj/Main.storyboard; sourceTree = "<group>"; };
		01214ED52230E1E70026AD36 /* Assets.xcassets */ = {isa = PBXFileReference; lastKnownFileType = folder.assetcatalog; path = Assets.xcassets; sourceTree = "<group>"; };
		01214ED82230E1E70026AD36 /* Base */ = {isa = PBXFileReference; lastKnownFileType = file.storyboard; name = Base; path = Base.lproj/LaunchScreen.storyboard; sourceTree = "<group>"; };
		01214EDA2230E1E70026AD36 /* Info.plist */ = {isa = PBXFileReference; lastKnownFileType = text.plist.xml; path = Info.plist; sourceTree = "<group>"; };
		01214EDF2230E1E70026AD36 /* SampleTests.xctest */ = {isa = PBXFileReference; explicitFileType = wrapper.cfbundle; includeInIndex = 0; path = SampleTests.xctest; sourceTree = BUILT_PRODUCTS_DIR; };
		01214EE32230E1E70026AD36 /* SampleTests.swift */ = {isa = PBXFileReference; lastKnownFileType = sourcecode.swift; path = SampleTests.swift; sourceTree = "<group>"; };
		01214EE52230E1E70026AD36 /* Info.plist */ = {isa = PBXFileReference; lastKnownFileType = text.plist.xml; path = Info.plist; sourceTree = "<group>"; };
		01214EEA2230E1E70026AD36 /* SampleUITests.xctest */ = {isa = PBXFileReference; explicitFileType = wrapper.cfbundle; includeInIndex = 0; path = SampleUITests.xctest; sourceTree = BUILT_PRODUCTS_DIR; };
		01214EEE2230E1E70026AD36 /* SampleUITests.swift */ = {isa = PBXFileReference; lastKnownFileType = sourcecode.swift; path = SampleUITests.swift; sourceTree = "<group>"; };
		01214EF02230E1E70026AD36 /* Info.plist */ = {isa = PBXFileReference; lastKnownFileType = text.plist.xml; path = Info.plist; sourceTree = "<group>"; };
/* End PBXFileReference section */

/* Begin PBXFrameworksBuildPhase section */
		01214EC82230E1E30026AD36 /* Frameworks */ = {
			isa = PBXFrameworksBuildPhase;
			buildActionMask = 2147483647;
			files = (
			);
			runOnlyForDeploymentPostprocessing = 0;
		};
		01214EDC2230E1E70026AD36 /* Frameworks */ = {
			isa = PBXFrameworksBuildPhase;
			buildActionMask = 2147483647;
			files = (
			);
			runOnlyForDeploymentPostprocessing = 0;
		};
		01214EE72230E1E70026AD36 /* Frameworks */ = {
			isa = PBXFrameworksBuildPhase;
			buildActionMask = 2147483647;
			files = (
			);
			runOnlyForDeploymentPostprocessing = 0;
		};
/* End PBXFrameworksBuildPhase section */

/* Begin PBXGroup section */
		01214EC22230E1E30026AD36 = {
			isa = PBXGroup;
			children = (
				01214ECD2230E1E30026AD36 /* Sample */,
				01214EE22230E1E70026AD36 /* SampleTests */,
				01214EED2230E1E70026AD36 /* SampleUITests */,
				01214ECC2230E1E30026AD36 /* Products */,
			);
			sourceTree = "<group>";
		};
		01214ECC2230E1E30026AD36 /* Products */ = {
			isa = PBXGroup;
			children = (
				01214ECB2230E1E30026AD36 /* Sample.app */,
				01214EDF2230E1E70026AD36 /* SampleTests.xctest */,
				01214EEA2230E1E70026AD36 /* SampleUITests.xctest */,
			);
			name = Products;
			sourceTree = "<group>";
		};
		01214ECD2230E1E30026AD36 /* Sample */ = {
			isa = PBXGroup;
			children = (
				01214ECE2230E1E30026AD36 /* AppDelegate.swift */,
				01214ED02230E1E30026AD36 /* ViewController.swift */,
				01214ED22230E1E30026AD36 /* Main.storyboard */,
				01214ED52230E1E70026AD36 /* Assets.xcassets */,
				01214ED72230E1E70026AD36 /* LaunchScreen.storyboard */,
				01214EDA2230E1E70026AD36 /* Info.plist */,
			);
			path = Sample;
			sourceTree = "<group>";
		};
		01214EE22230E1E70026AD36 /* SampleTests */ = {
			isa = PBXGroup;
			children = (
				01214EE32230E1E70026AD36 /* SampleTests.swift */,
				01214EE52230E1E70026AD36 /* Info.plist */,
			);
			path = SampleTests;
			sourceTree = "<group>";
		};
		01214EED2230E1E70026AD36 /* SampleUITests */ = {
			isa = PBXGroup;
			children = (
				01214EEE2230E1E70026AD36 /* SampleUITests.swift */,
				01214EF02230E1E70026AD36 /* Info.plist */,
			);
			path = SampleUITests;
			sourceTree = "<group>";
		};
/* End PBXGroup section */

/* Begin PBXNativeTarget section */
		01214ECA2230E1E30026AD36 /* Sample */ = {
			isa = PBXNativeTarget;
			buildConfigurationList = 01214EF32230E1E70026AD36 /* Build configuration list for PBXNativeTarget "Sample" */;
			buildPhases = (
				01214EC72230E1E30026AD36 /* Sources */,
				01214EC82230E1E30026AD36 /* Frameworks */,
				01214EC92230E1E30026AD36 /* Resources */,
			);
			buildRules = (
			);
			dependencies = (
			);
			name = Sample;
			productName = Sample;
			productReference = 01214ECB2230E1E30026AD36 /* Sample.app */;
			productType = "com.apple.product-type.application";
		};
		01214EDE2230E1E70026AD36 /* SampleTests */ = {
			isa = PBXNativeTarget;
			buildConfigurationList = 01214EF62230E1E70026AD36 /* Build configuration list for PBXNativeTarget "SampleTests" */;
			buildPhases = (
				01214EDB2230E1E70026AD36 /* Sources */,
				01214EDC2230E1E70026AD36 /* Frameworks */,
				01214EDD2230E1E70026AD36 /* Resources */,
			);
			buildRules = (
			);
			dependencies = (
				01214EE12230E1E70026AD36 /* PBXTargetDependency */,
			);
			name = SampleTests;
			productName = SampleTests;
			productReference = 01214EDF2230E1E70026AD36 /* SampleTests.xctest */;
			productType = "com.apple.product-type.bundle.unit-test";
		};
		01214EE92230E1E70026AD36 /* SampleUITests */ = {
			isa = PBXNativeTarget;
			buildConfigurationList = 01214EF92230E1E70026AD36 /* Build configuration list for PBXNativeTarget "SampleUITests" */;
			buildPhases = (
				01214EE62230E1E70026AD36 /* Sources */,
				01214EE72230E1E70026AD36 /* Frameworks */,
				01214EE82230E1E70026AD36 /* Resources */,
			);
			buildRules = (
			);
			dependencies = (
				01214EEC2230E1E70026AD36 /* PBXTargetDependency */,
			);
			name = SampleUITests;
			productName = SampleUITests;
			productReference = 01214EEA2230E1E70026AD36 /* SampleUITests.xctest */;
			productType = "com.apple.product-type.bundle.ui-testing";
		};
/* End PBXNativeTarget section */

/* Begin PBXProject section */
		01214EC32230E1E30026AD36 /* Project object */ = {
			isa = PBXProject;
			attributes = {
				LastSwiftUpdateCheck = 1010;
				LastUpgradeCheck = 1010;
				ORGANIZATIONNAME = "Nyteshade Enterprises";
				TargetAttributes = {
					01214ECA2230E1E30026AD36 = {
						CreatedOnToolsVersion = 10.1;
					};
					01214EDE2230E1E70026AD36 = {
						CreatedOnToolsVersion = 10.1;
						TestTargetID = 01214ECA2230E1E30026AD36;
					};
					01214EE92230E1E70026AD36 = {
						CreatedOnToolsVersion = 10.1;
						TestTargetID = 01214ECA2230E1E30026AD36;
					};
				};
			};
			buildConfigurationList = 01214EC62230E1E30026AD36 /* Build configuration list for PBXProject "Sample" */;
			compatibilityVersion = "Xcode 9.3";
			developmentRegion = en;
			hasScannedForEncodings = 0;
			knownRegions = (
				en,
				Base,
			);
			mainGroup = 01214EC22230E1E30026AD36;
			productRefGroup = 01214ECC2230E1E30026AD36 /* Products */;
			projectDirPath = "";
			projectRoot = "";
			targets = (
				01214ECA2230E1E30026AD36 /* Sample */,
				01214EDE2230E1E70026AD36 /* SampleTests */,
				01214EE92230E1E70026AD36 /* SampleUITests */,
			);
		};
/* End PBXProject section */

/* Begin PBXResourcesBuildPhase section */
		01214EC92230E1E30026AD36 /* Resources */ = {
			isa = PBXResourcesBuildPhase;
			buildActionMask = 2147483647;
			files = (
				01214ED92230E1E70026AD36 /* LaunchScreen.storyboard in Resources */,
				01214ED62230E1E70026AD36 /* Assets.xcassets in Resources */,
				01214ED42230E1E30026AD36 /* Main.storyboard in Resources */,
			);
			runOnlyForDeploymentPostprocessing = 0;
		};
		01214EDD2230E1E70026AD36 /* Resources */ = {
			isa = PBXResourcesBuildPhase;
			buildActionMask = 2147483647;
			files = (
			);
			runOnlyForDeploymentPostprocessing = 0;
		};
		01214EE82230E1E70026AD36 /* Resources */ = {
			isa = PBXResourcesBuildPhase;
			buildActionMask = 2147483647;
			files = (
			);
			runOnlyForDeploymentPostprocessing = 0;
		};
/* End PBXResourcesBuildPhase section */

/* Begin PBXSourcesBuildPhase section */
		01214EC72230E1E30026AD36 /* Sources */ = {
			isa = PBXSourcesBuildPhase;
			buildActionMask = 2147483647;
			files = (
				01214ED12230E1E30026AD36 /* ViewController.swift in Sources */,
				01214ECF2230E1E30026AD36 /* AppDelegate.swift in Sources */,
			);
			runOnlyForDeploymentPostprocessing = 0;
		};
		01214EDB2230E1E70026AD36 /* Sources */ = {
			isa = PBXSourcesBuildPhase;
			buildActionMask = 2147483647;
			files = (
				01214EE42230E1E70026AD36 /* SampleTests.swift in Sources */,
			);
			runOnlyForDeploymentPostprocessing = 0;
		};
		01214EE62230E1E70026AD36 /* Sources */ = {
			isa = PBXSourcesBuildPhase;
			buildActionMask = 2147483647;
			files = (
				01214EEF2230E1E70026AD36 /* SampleUITests.swift in Sources */,
			);
			runOnlyForDeploymentPostprocessing = 0;
		};
/* End PBXSourcesBuildPhase section */

/* Begin PBXTargetDependency section */
		01214EE12230E1E70026AD36 /* PBXTargetDependency */ = {
			isa = PBXTargetDependency;
			target = 01214ECA2230E1E30026AD36 /* Sample */;
			targetProxy = 01214EE02230E1E70026AD36 /* PBXContainerItemProxy */;
		};
		01214EEC2230E1E70026AD36 /* PBXTargetDependency */ = {
			isa = PBXTargetDependency;
			target = 01214ECA2230E1E30026AD36 /* Sample */;
			targetProxy = 01214EEB2230E1E70026AD36 /* PBXContainerItemProxy */;
		};
/* End PBXTargetDependency section */

/* Begin PBXVariantGroup section */
		01214ED22230E1E30026AD36 /* Main.storyboard */ = {
			isa = PBXVariantGroup;
			children = (
				01214ED32230E1E30026AD36 /* Base */,
			);
			name = Main.storyboard;
			sourceTree = "<group>";
		};
		01214ED72230E1E70026AD36 /* LaunchScreen.storyboard */ = {
			isa = PBXVariantGroup;
			children = (
				01214ED82230E1E70026AD36 /* Base */,
			);
			name = LaunchScreen.storyboard;
			sourceTree = "<group>";
		};
/* End PBXVariantGroup section */

/* Begin XCBuildConfiguration section */
		01214EF12230E1E70026AD36 /* Debug */ = {
			isa = XCBuildConfiguration;
			buildSettings = {
				ALWAYS_SEARCH_USER_PATHS = NO;
				CLANG_ANALYZER_NONNULL = YES;
				CLANG_ANALYZER_NUMBER_OBJECT_CONVERSION = YES_AGGRESSIVE;
				CLANG_CXX_LANGUAGE_STANDARD = "gnu++14";
				CLANG_CXX_LIBRARY = "libc++";
				CLANG_ENABLE_MODULES = YES;
				CLANG_ENABLE_OBJC_ARC = YES;
				CLANG_ENABLE_OBJC_WEAK = YES;
				CLANG_WARN_BLOCK_CAPTURE_AUTORELEASING = YES;
				CLANG_WARN_BOOL_CONVERSION = YES;
				CLANG_WARN_COMMA = YES;
				CLANG_WARN_CONSTANT_CONVERSION = YES;
				CLANG_WARN_DEPRECATED_OBJC_IMPLEMENTATIONS = YES;
				CLANG_WARN_DIRECT_OBJC_ISA_USAGE = YES_ERROR;
				CLANG_WARN_DOCUMENTATION_COMMENTS = YES;
				CLANG_WARN_EMPTY_BODY = YES;
				CLANG_WARN_ENUM_CONVERSION = YES;
				CLANG_WARN_INFINITE_RECURSION = YES;
				CLANG_WARN_INT_CONVERSION = YES;
				CLANG_WARN_NON_LITERAL_NULL_CONVERSION = YES;
				CLANG_WARN_OBJC_IMPLICIT_RETAIN_SELF = YES;
				CLANG_WARN_OBJC_LITERAL_CONVERSION = YES;
				CLANG_WARN_OBJC_ROOT_CLASS = YES_ERROR;
				CLANG_WARN_RANGE_LOOP_ANALYSIS = YES;
				CLANG_WARN_STRICT_PROTOTYPES = YES;
				CLANG_WARN_SUSPICIOUS_MOVE = YES;
				CLANG_WARN_UNGUARDED_AVAILABILITY = YES_AGGRESSIVE;
				CLANG_WARN_UNREACHABLE_CODE = YES;
				CLANG_WARN__DUPLICATE_METHOD_MATCH = YES;
				CODE_SIGN_IDENTITY = "iPhone Developer";
				COPY_PHASE_STRIP = NO;
				DEBUG_INFORMATION_FORMAT = dwarf;
				ENABLE_STRICT_OBJC_MSGSEND = YES;
				ENABLE_TESTABILITY = YES;
				GCC_C_LANGUAGE_STANDARD = gnu11;
				GCC_DYNAMIC_NO_PIC = NO;
				GCC_NO_COMMON_BLOCKS = YES;
				GCC_OPTIMIZATION_LEVEL = 0;
				GCC_PREPROCESSOR_DEFINITIONS = (
					"DEBUG=1",
					"$(inherited)",
				);
				GCC_WARN_64_TO_32_BIT_CONVERSION = YES;
				GCC_WARN_ABOUT_RETURN_TYPE = YES_ERROR;
				GCC_WARN_UNDECLARED_SELECTOR = YES;
				GCC_WARN_UNINITIALIZED_AUTOS = YES_AGGRESSIVE;
				GCC_WARN_UNUSED_FUNCTION = YES;
				GCC_WARN_UNUSED_VARIABLE = YES;
				IPHONEOS_DEPLOYMENT_TARGET = 12.1;
				MTL_ENABLE_DEBUG_INFO = INCLUDE_SOURCE;
				MTL_FAST_MATH = YES;
				ONLY_ACTIVE_ARCH = YES;
				SDKROOT = iphoneos;
				SWIFT_ACTIVE_COMPILATION_CONDITIONS = DEBUG;
				SWIFT_OPTIMIZATION_LEVEL = "-Onone";
			};
			name = Debug;
		};
		01214EF22230E1E70026AD36 /* Release */ = {
			isa = XCBuildConfiguration;
			buildSettings = {
				ALWAYS_SEARCH_USER_PATHS = NO;
				CLANG_ANALYZER_NONNULL = YES;
				CLANG_ANALYZER_NUMBER_OBJECT_CONVERSION = YES_AGGRESSIVE;
				CLANG_CXX_LANGUAGE_STANDARD = "gnu++14";
				CLANG_CXX_LIBRARY = "libc++";
				CLANG_ENABLE_MODULES = YES;
				CLANG_ENABLE_OBJC_ARC = YES;
				CLANG_ENABLE_OBJC_WEAK = YES;
				CLANG_WARN_BLOCK_CAPTURE_AUTORELEASING = YES;
				CLANG_WARN_BOOL_CONVERSION = YES;
				CLANG_WARN_COMMA = YES;
				CLANG_WARN_CONSTANT_CONVERSION = YES;
				CLANG_WARN_DEPRECATED_OBJC_IMPLEMENTATIONS = YES;
				CLANG_WARN_DIRECT_OBJC_ISA_USAGE = YES_ERROR;
				CLANG_WARN_DOCUMENTATION_COMMENTS = YES;
				CLANG_WARN_EMPTY_BODY = YES;
				CLANG_WARN_ENUM_CONVERSION = YES;
				CLANG_WARN_INFINITE_RECURSION = YES;
				CLANG_WARN_INT_CONVERSION = YES;
				CLANG_WARN_NON_LITERAL_NULL_CONVERSION = YES;
				CLANG_WARN_OBJC_IMPLICIT_RETAIN_SELF = YES;
				CLANG_WARN_OBJC_LITERAL_CONVERSION = YES;
				CLANG_WARN_OBJC_ROOT_CLASS = YES_ERROR;
				CLANG_WARN_RANGE_LOOP_ANALYSIS = YES;
				CLANG_WARN_STRICT_PROTOTYPES = YES;
				CLANG_WARN_SUSPICIOUS_MOVE = YES;
				CLANG_WARN_UNGUARDED_AVAILABILITY = YES_AGGRESSIVE;
				CLANG_WARN_UNREACHABLE_CODE = YES;
				CLANG_WARN__DUPLICATE_METHOD_MATCH = YES;
				CODE_SIGN_IDENTITY = "iPhone Developer";
				COPY_PHASE_STRIP = NO;
				DEBUG_INFORMATION_FORMAT = "dwarf-with-dsym";
				ENABLE_NS_ASSERTIONS = NO;
				ENABLE_STRICT_OBJC_MSGSEND = YES;
				GCC_C_LANGUAGE_STANDARD = gnu11;
				GCC_NO_COMMON_BLOCKS = YES;
				GCC_WARN_64_TO_32_BIT_CONVERSION = YES;
				GCC_WARN_ABOUT_RETURN_TYPE = YES_ERROR;
				GCC_WARN_UNDECLARED_SELECTOR = YES;
				GCC_WARN_UNINITIALIZED_AUTOS = YES_AGGRESSIVE;
				GCC_WARN_UNUSED_FUNCTION = YES;
				GCC_WARN_UNUSED_VARIABLE = YES;
				IPHONEOS_DEPLOYMENT_TARGET = 12.1;
				MTL_ENABLE_DEBUG_INFO = NO;
				MTL_FAST_MATH = YES;
				SDKROOT = iphoneos;
				SWIFT_COMPILATION_MODE = wholemodule;
				SWIFT_OPTIMIZATION_LEVEL = "-O";
				VALIDATE_PRODUCT = YES;
			};
			name = Release;
		};
		01214EF42230E1E70026AD36 /* Debug */ = {
			isa = XCBuildConfiguration;
			buildSettings = {
				ASSETCATALOG_COMPILER_APPICON_NAME = AppIcon;
				CODE_SIGN_STYLE = Automatic;
				INFOPLIST_FILE = Sample/Info.plist;
				LD_RUNPATH_SEARCH_PATHS = (
					"$(inherited)",
					"@executable_path/Frameworks",
				);
				PRODUCT_BUNDLE_IDENTIFIER = com.nyteshade.Sample;
				PRODUCT_NAME = "$(TARGET_NAME)";
				SWIFT_VERSION = 4.2;
				TARGETED_DEVICE_FAMILY = "1,2";
			};
			name = Debug;
		};
		01214EF52230E1E70026AD36 /* Release */ = {
			isa = XCBuildConfiguration;
			buildSettings = {
				ASSETCATALOG_COMPILER_APPICON_NAME = AppIcon;
				CODE_SIGN_STYLE = Automatic;
				INFOPLIST_FILE = Sample/Info.plist;
				LD_RUNPATH_SEARCH_PATHS = (
					"$(inherited)",
					"@executable_path/Frameworks",
				);
				PRODUCT_BUNDLE_IDENTIFIER = com.nyteshade.Sample;
				PRODUCT_NAME = "$(TARGET_NAME)";
				SWIFT_VERSION = 4.2;
				TARGETED_DEVICE_FAMILY = "1,2";
			};
			name = Release;
		};
		01214EF72230E1E70026AD36 /* Debug */ = {
			isa = XCBuildConfiguration;
			buildSettings = {
				ALWAYS_EMBED_SWIFT_STANDARD_LIBRARIES = YES;
				BUNDLE_LOADER = "$(TEST_HOST)";
				CODE_SIGN_STYLE = Automatic;
				INFOPLIST_FILE = SampleTests/Info.plist;
				LD_RUNPATH_SEARCH_PATHS = (
					"$(inherited)",
					"@executable_path/Frameworks",
					"@loader_path/Frameworks",
				);
				PRODUCT_BUNDLE_IDENTIFIER = com.nyteshade.SampleTests;
				PRODUCT_NAME = "$(TARGET_NAME)";
				SWIFT_VERSION = 4.2;
				TARGETED_DEVICE_FAMILY = "1,2";
				TEST_HOST = "$(BUILT_PRODUCTS_DIR)/Sample.app/Sample";
			};
			name = Debug;
		};
		01214EF82230E1E70026AD36 /* Release */ = {
			isa = XCBuildConfiguration;
			buildSettings = {
				ALWAYS_EMBED_SWIFT_STANDARD_LIBRARIES = YES;
				BUNDLE_LOADER = "$(TEST_HOST)";
				CODE_SIGN_STYLE = Automatic;
				INFOPLIST_FILE = SampleTests/Info.plist;
				LD_RUNPATH_SEARCH_PATHS = (
					"$(inherited)",
					"@executable_path/Frameworks",
					"@loader_path/Frameworks",
				);
				PRODUCT_BUNDLE_IDENTIFIER = com.nyteshade.SampleTests;
				PRODUCT_NAME = "$(TARGET_NAME)";
				SWIFT_VERSION = 4.2;
				TARGETED_DEVICE_FAMILY = "1,2";
				TEST_HOST = "$(BUILT_PRODUCTS_DIR)/Sample.app/Sample";
			};
			name = Release;
		};
		01214EFA2230E1E70026AD36 /* Debug */ = {
			isa = XCBuildConfiguration;
			buildSettings = {
				ALWAYS_EMBED_SWIFT_STANDARD_LIBRARIES = YES;
				CODE_SIGN_STYLE = Automatic;
				INFOPLIST_FILE = SampleUITests/Info.plist;
				LD_RUNPATH_SEARCH_PATHS = (
					"$(inherited)",
					"@executable_path/Frameworks",
					"@loader_path/Frameworks",
				);
				PRODUCT_BUNDLE_IDENTIFIER = com.nyteshade.SampleUITests;
				PRODUCT_NAME = "$(TARGET_NAME)";
				SWIFT_VERSION = 4.2;
				TARGETED_DEVICE_FAMILY = "1,2";
				TEST_TARGET_NAME = Sample;
			};
			name = Debug;
		};
		01214EFB2230E1E70026AD36 /* Release */ = {
			isa = XCBuildConfiguration;
			buildSettings = {
				ALWAYS_EMBED_SWIFT_STANDARD_LIBRARIES = YES;
				CODE_SIGN_STYLE = Automatic;
				INFOPLIST_FILE = SampleUITests/Info.plist;
				LD_RUNPATH_SEARCH_PATHS = (
					"$(inherited)",
					"@executable_path/Frameworks",
					"@loader_path/Frameworks",
				);
				PRODUCT_BUNDLE_IDENTIFIER = com.nyteshade.SampleUITests;
				PRODUCT_NAME = "$(TARGET_NAME)";
				SWIFT_VERSION = 4.2;
				TARGETED_DEVICE_FAMILY = "1,2";
				TEST_TARGET_NAME = Sample;
			};
			name = Release;
		};
/* End XCBuildConfiguration section */

/* Begin XCConfigurationList section */
		01214EC62230E1E30026AD36 /* Build configuration list for PBXProject "Sample" */ = {
			isa = XCConfigurationList;
			buildConfigurations = (
				01214EF12230E1E70026AD36 /* Debug */,
				01214EF22230E1E70026AD36 /* Release */,
			);
			defaultConfigurationIsVisible = 0;
			defaultConfigurationName = Release;
		};
		01214EF32230E1E70026AD36 /* Build configuration list for PBXNativeTarget "Sample" */ = {
			isa = XCConfigurationList;
			buildConfigurations = (
				01214EF42230E1E70026AD36 /* Debug */,
				01214EF52230E1E70026AD36 /* Release */,
			);
			defaultConfigurationIsVisible = 0;
			defaultConfigurationName = Release;
		};
		01214EF62230E1E70026AD36 /* Build configuration list for PBXNativeTarget "SampleTests" */ = {
			isa = XCConfigurationList;
			buildConfigurations = (
				01214EF72230E1E70026AD36 /* Debug */,
				01214EF82230E1E70026AD36 /* Release */,
			);
			defaultConfigurationIsVisible = 0;
			defaultConfigurationName = Release;
		};
		01214EF92230E1E70026AD36 /* Build configuration list for PBXNativeTarget "SampleUITests" */ = {
			isa = XCConfigurationList;
			buildConfigurations = (
				01214EFA2230E1E70026AD36 /* Debug */,
				01214EFB2230E1E70026AD36 /* Release */,
			);
			defaultConfigurationIsVisible = 0;
			defaultConfigurationName = Release;
		};
/* End XCConfigurationList section */
	};
	rootObject = 01214EC32230E1E30026AD36 /* Project object */;
}
